
Microsoft Visual Studio Solution File, Format Version 12.00
# Visual Studio 15
VisualStudioVersion = 15.0.28307.779
MinimumVisualStudioVersion = 10.0.40219.1
Project("{FAE04EC0-301F-11D3-BF4B-00C04F79EFBC}") = "ConverterGraus.Android", "ConverterGraus\ConverterGraus.Android\ConverterGraus.Android.csproj", "{8680DAAB-2EB4-4100-B317-53CC2D4C871C}"
EndProject
Project("{FAE04EC0-301F-11D3-BF4B-00C04F79EFBC}") = "ConverterGraus", "ConverterGraus\ConverterGraus\ConverterGraus.csproj", "{6B7D206F-FC17-4443-852E-712E9C3607B2}"
EndProject
Global
	GlobalSection(SolutionConfigurationPlatforms) = preSolution
		Debug|Any CPU = Debug|Any CPU
		Release|Any CPU = Release|Any CPU
	EndGlobalSection
	GlobalSection(ProjectConfigurationPlatforms) = postSolution
		{8680DAAB-2EB4-4100-B317-53CC2D4C871C}.Debug|Any CPU.ActiveCfg = Debug|Any CPU
		{8680DAAB-2EB4-4100-B317-53CC2D4C871C}.Debug|Any CPU.Build.0 = Debug|Any CPU
		{8680DAAB-2EB4-4100-B317-53CC2D4C871C}.Debug|Any CPU.Deploy.0 = Debug|Any CPU
		{8680DAAB-2EB4-4100-B317-53CC2D4C871C}.Release|Any CPU.ActiveCfg = Release|Any CPU
		{8680DAAB-2EB4-4100-B317-53CC2D4C871C}.Release|Any CPU.Build.0 = Release|Any CPU
		{8680DAAB-2EB4-4100-B317-53CC2D4C871C}.Release|Any CPU.Deploy.0 = Release|Any CPU
		{6B7D206F-FC17-4443-852E-712E9C3607B2}.Debug|Any CPU.ActiveCfg = Debug|Any CPU
		{6B7D206F-FC17-4443-852E-712E9C3607B2}.Debug|Any CPU.Build.0 = Debug|Any CPU
		{6B7D206F-FC17-4443-852E-712E9C3607B2}.Debug|Any CPU.Deploy.0 = Debug|Any CPU
		{6B7D206F-FC17-4443-852E-712E9C3607B2}.Release|Any CPU.ActiveCfg = Release|Any CPU
		{6B7D206F-FC17-4443-852E-712E9C3607B2}.Release|Any CPU.Build.0 = Release|Any CPU
		{6B7D206F-FC17-4443-852E-712E9C3607B2}.Release|Any CPU.Deploy.0 = Release|Any CPU
	EndGlobalSection
	GlobalSection(SolutionProperties) = preSolution
		HideSolutionNode = FALSE
	EndGlobalSection
	GlobalSection(ExtensibilityGlobals) = postSolution
		SolutionGuid = {BEF9B21D-C8C3-4F80-B0E1-A2D9E543F70D}
	EndGlobalSection
EndGlobal
